{
  "name": "module2",
  "version": "1.0.0",
  "lockfileVersion": 1,
  "requires": true,
  "dependencies": {
    "hello-world": {
      "version": "git+https://github.com/jlguenego/hello-world.git#32d5301d9aafe7d5d7796e8062c1a5de2daf67a5"
    },
    "module1": {
      "version": "file:../module1"
    }
  }
}
