{
  "name": "module2",
  "version": "1.0.0",
  "lockfileVersion": 1,
  "requires": true,
  "dependencies": {
    "hello-world": {
      "version": "git+https://github.com/jlguenego/hello-world.git#0faca5f52d6ff6d35b42b7d4919fcc119d6bcd80"
    },
    "module1": {
      "version": "file:../module1"
    }
  }
}
